
Microsoft Visual Studio Solution File, Format Version 12.00
# Visual Studio 15
VisualStudioVersion = 15.0.27428.2043
MinimumVisualStudioVersion = 10.0.40219.1
Project("{8BC9CEB8-8B4A-11D0-8D11-00A0C91BC942}") = "Subliste", "Subliste\Subliste.vcxproj", "{42FF4754-0DA7-47A2-972C-FA0266C27017}"
EndProject
Global
	GlobalSection(SolutionConfigurationPlatforms) = preSolution
		Debug|x64 = Debug|x64
		Debug|x86 = Debug|x86
		Release|x64 = Release|x64
		Release|x86 = Release|x86
	EndGlobalSection
	GlobalSection(ProjectConfigurationPlatforms) = postSolution
		{42FF4754-0DA7-47A2-972C-FA0266C27017}.Debug|x64.ActiveCfg = Debug|x64
		{42FF4754-0DA7-47A2-972C-FA0266C27017}.Debug|x64.Build.0 = Debug|x64
		{42FF4754-0DA7-47A2-972C-FA0266C27017}.Debug|x86.ActiveCfg = Debug|Win32
		{42FF4754-0DA7-47A2-972C-FA0266C27017}.Debug|x86.Build.0 = Debug|Win32
		{42FF4754-0DA7-47A2-972C-FA0266C27017}.Release|x64.ActiveCfg = Release|x64
		{42FF4754-0DA7-47A2-972C-FA0266C27017}.Release|x64.Build.0 = Release|x64
		{42FF4754-0DA7-47A2-972C-FA0266C27017}.Release|x86.ActiveCfg = Release|Win32
		{42FF4754-0DA7-47A2-972C-FA0266C27017}.Release|x86.Build.0 = Release|Win32
	EndGlobalSection
	GlobalSection(SolutionProperties) = preSolution
		HideSolutionNode = FALSE
	EndGlobalSection
	GlobalSection(ExtensibilityGlobals) = postSolution
		SolutionGuid = {8C16D7D4-75A3-456A-96BB-CC780C8DEFA0}
	EndGlobalSection
EndGlobal
